<?xml version="1.0" encoding="utf-8"?>
<Project ToolsVersion="4.0" xmlns="http://schemas.microsoft.com/developer/msbuild/2003">
  <ItemGroup>
    <Filter Include="Day1">
      <UniqueIdentifier>{fb18f474-fcbc-4fe9-ba7e-674e11a5d1e0}</UniqueIdentifier>
    </Filter>
  </ItemGroup>
  <ItemGroup>
    <ClCompile Include="main.cpp" />
    <ClCompile Include="Day1\Part1\day1part1.cpp">
      <Filter>Day1</Filter>
    </ClCompile>
    <ClCompile Include="Day1\Part2\day1part2.c" />
  </ItemGroup>
  <ItemGroup>
    <ClInclude Include="Day1\Part1\day1part1.h">
      <Filter>Day1</Filter>
    </ClInclude>
    <ClInclude Include="Day1\Part2\day1part2.h" />
  </ItemGroup>
</Project>